
Microsoft Visual Studio Solution File, Format Version 12.00
# Visual Studio Version 17
VisualStudioVersion = 17.5.33627.172
MinimumVisualStudioVersion = 10.0.40219.1
Project("{8BC9CEB8-8B4A-11D0-8D11-00A0C91BC942}") = "reduce7", "reduce7\reduce7.vcxproj", "{21E3273A-B11A-46DC-93AD-74470CA774A5}"
EndProject
Global
	GlobalSection(SolutionConfigurationPlatforms) = preSolution
		Debug|x64 = Debug|x64
		Release|x64 = Release|x64
	EndGlobalSection
	GlobalSection(ProjectConfigurationPlatforms) = postSolution
		{21E3273A-B11A-46DC-93AD-74470CA774A5}.Debug|x64.ActiveCfg = Debug|x64
		{21E3273A-B11A-46DC-93AD-74470CA774A5}.Debug|x64.Build.0 = Debug|x64
		{21E3273A-B11A-46DC-93AD-74470CA774A5}.Release|x64.ActiveCfg = Release|x64
		{21E3273A-B11A-46DC-93AD-74470CA774A5}.Release|x64.Build.0 = Release|x64
	EndGlobalSection
	GlobalSection(SolutionProperties) = preSolution
		HideSolutionNode = FALSE
	EndGlobalSection
	GlobalSection(ExtensibilityGlobals) = postSolution
		SolutionGuid = {6A48890D-4612-4A18-AFD6-B661F5095748}
	EndGlobalSection
EndGlobal
