
Microsoft Visual Studio Solution File, Format Version 12.00
# Visual Studio Version 17
VisualStudioVersion = 17.5.33627.172
MinimumVisualStudioVersion = 10.0.40219.1
Project("{8BC9CEB8-8B4A-11D0-8D11-00A0C91BC942}") = "reduce6", "reduce6\reduce6.vcxproj", "{D48285B3-24FE-4CC2-80B8-86B65C9DF1D9}"
EndProject
Global
	GlobalSection(SolutionConfigurationPlatforms) = preSolution
		Debug|x64 = Debug|x64
		Release|x64 = Release|x64
	EndGlobalSection
	GlobalSection(ProjectConfigurationPlatforms) = postSolution
		{D48285B3-24FE-4CC2-80B8-86B65C9DF1D9}.Debug|x64.ActiveCfg = Debug|x64
		{D48285B3-24FE-4CC2-80B8-86B65C9DF1D9}.Debug|x64.Build.0 = Debug|x64
		{D48285B3-24FE-4CC2-80B8-86B65C9DF1D9}.Release|x64.ActiveCfg = Release|x64
		{D48285B3-24FE-4CC2-80B8-86B65C9DF1D9}.Release|x64.Build.0 = Release|x64
	EndGlobalSection
	GlobalSection(SolutionProperties) = preSolution
		HideSolutionNode = FALSE
	EndGlobalSection
	GlobalSection(ExtensibilityGlobals) = postSolution
		SolutionGuid = {FB4D849E-B142-418E-A641-1DE6723D6BED}
	EndGlobalSection
EndGlobal
